
Microsoft Visual Studio Solution File, Format Version 12.00
# Visual Studio Version 17
VisualStudioVersion = 17.9.34723.18
MinimumVisualStudioVersion = 10.0.40219.1
Project("{FAE04EC0-301F-11D3-BF4B-00C04F79EFBC}") = "OVS360SolutionsAPI", "OVS360SolutionsAPI.csproj", "{D8F6FCCC-95BE-4E48-8779-E96A34494B18}"
EndProject
Global
	GlobalSection(SolutionConfigurationPlatforms) = preSolution
		Debug|Any CPU = Debug|Any CPU
		Release|Any CPU = Release|Any CPU
	EndGlobalSection
	GlobalSection(ProjectConfigurationPlatforms) = postSolution
		{D8F6FCCC-95BE-4E48-8779-E96A34494B18}.Debug|Any CPU.ActiveCfg = Debug|Any CPU
		{D8F6FCCC-95BE-4E48-8779-E96A34494B18}.Debug|Any CPU.Build.0 = Debug|Any CPU
		{D8F6FCCC-95BE-4E48-8779-E96A34494B18}.Release|Any CPU.ActiveCfg = Release|Any CPU
		{D8F6FCCC-95BE-4E48-8779-E96A34494B18}.Release|Any CPU.Build.0 = Release|Any CPU
	EndGlobalSection
	GlobalSection(SolutionProperties) = preSolution
		HideSolutionNode = FALSE
	EndGlobalSection
	GlobalSection(ExtensibilityGlobals) = postSolution
		SolutionGuid = {F652BA4F-74F5-4B52-8CAD-7ABB3865EA9C}
	EndGlobalSection
EndGlobal
